
Microsoft Visual Studio Solution File, Format Version 12.00
# Visual Studio Version 17
VisualStudioVersion = 17.13.35931.197 d17.13
MinimumVisualStudioVersion = 10.0.40219.1
Project("{FAE04EC0-301F-11D3-BF4B-00C04F79EFBC}") = "CSaN4", "CSaN4\CSaN4.csproj", "{CB4906B4-8B6B-45C2-AADD-C75C9275EE56}"
EndProject
Global
	GlobalSection(SolutionConfigurationPlatforms) = preSolution
		Debug|Any CPU = Debug|Any CPU
		Release|Any CPU = Release|Any CPU
	EndGlobalSection
	GlobalSection(ProjectConfigurationPlatforms) = postSolution
		{CB4906B4-8B6B-45C2-AADD-C75C9275EE56}.Debug|Any CPU.ActiveCfg = Debug|Any CPU
		{CB4906B4-8B6B-45C2-AADD-C75C9275EE56}.Debug|Any CPU.Build.0 = Debug|Any CPU
		{CB4906B4-8B6B-45C2-AADD-C75C9275EE56}.Release|Any CPU.ActiveCfg = Release|Any CPU
		{CB4906B4-8B6B-45C2-AADD-C75C9275EE56}.Release|Any CPU.Build.0 = Release|Any CPU
	EndGlobalSection
	GlobalSection(SolutionProperties) = preSolution
		HideSolutionNode = FALSE
	EndGlobalSection
	GlobalSection(ExtensibilityGlobals) = postSolution
		SolutionGuid = {BA700746-1162-426D-86C8-BA74722A98C2}
	EndGlobalSection
EndGlobal
